
Microsoft Visual Studio Solution File, Format Version 12.00
# Visual Studio Version 17
VisualStudioVersion = 17.0.31903.59
MinimumVisualStudioVersion = 10.0.40219.1
Project("{2150E333-8FDC-42A3-9474-1A3956D46DE8}") = "src", "src", "{827E0CD3-B72D-47B6-A68D-7590B98EB39B}"
EndProject
Project("{FAE04EC0-301F-11D3-BF4B-00C04F79EFBC}") = "Orch8.Sdk", "src\Orch8.Sdk\Orch8.Sdk.csproj", "{B89D18E8-07BD-45DB-B721-BEBAF6A143B2}"
EndProject
Project("{2150E333-8FDC-42A3-9474-1A3956D46DE8}") = "conformance", "conformance", "{C180AF16-3662-9684-68DB-73CED4E720BB}"
EndProject
Project("{FAE04EC0-301F-11D3-BF4B-00C04F79EFBC}") = "Orch8.Sdk.Conformance", "conformance\Orch8.Sdk.Conformance\Orch8.Sdk.Conformance.csproj", "{FCF62776-D211-4E63-828C-423C31C8D48F}"
EndProject
Project("{FAE04EC0-301F-11D3-BF4B-00C04F79EFBC}") = "Orch8.Sdk.Hosting", "src\Orch8.Sdk.Hosting\Orch8.Sdk.Hosting.csproj", "{91B03869-C1CC-4A49-9718-1DF3C6D811E7}"
EndProject
Project("{2150E333-8FDC-42A3-9474-1A3956D46DE8}") = "tests", "tests", "{0AB3BF05-4346-4AA6-1389-037BE0695223}"
EndProject
Project("{FAE04EC0-301F-11D3-BF4B-00C04F79EFBC}") = "Orch8.Sdk.Tests", "tests\Orch8.Sdk.Tests\Orch8.Sdk.Tests.csproj", "{9EDE5993-0D2C-413C-940F-131FC9F30290}"
EndProject
Global
	GlobalSection(SolutionConfigurationPlatforms) = preSolution
		Debug|Any CPU = Debug|Any CPU
		Debug|x64 = Debug|x64
		Debug|x86 = Debug|x86
		Release|Any CPU = Release|Any CPU
		Release|x64 = Release|x64
		Release|x86 = Release|x86
	EndGlobalSection
	GlobalSection(ProjectConfigurationPlatforms) = postSolution
		{B89D18E8-07BD-45DB-B721-BEBAF6A143B2}.Debug|Any CPU.ActiveCfg = Debug|Any CPU
		{B89D18E8-07BD-45DB-B721-BEBAF6A143B2}.Debug|Any CPU.Build.0 = Debug|Any CPU
		{B89D18E8-07BD-45DB-B721-BEBAF6A143B2}.Debug|x64.ActiveCfg = Debug|Any CPU
		{B89D18E8-07BD-45DB-B721-BEBAF6A143B2}.Debug|x64.Build.0 = Debug|Any CPU
		{B89D18E8-07BD-45DB-B721-BEBAF6A143B2}.Debug|x86.ActiveCfg = Debug|Any CPU
		{B89D18E8-07BD-45DB-B721-BEBAF6A143B2}.Debug|x86.Build.0 = Debug|Any CPU
		{B89D18E8-07BD-45DB-B721-BEBAF6A143B2}.Release|Any CPU.ActiveCfg = Release|Any CPU
		{B89D18E8-07BD-45DB-B721-BEBAF6A143B2}.Release|Any CPU.Build.0 = Release|Any CPU
		{B89D18E8-07BD-45DB-B721-BEBAF6A143B2}.Release|x64.ActiveCfg = Release|Any CPU
		{B89D18E8-07BD-45DB-B721-BEBAF6A143B2}.Release|x64.Build.0 = Release|Any CPU
		{B89D18E8-07BD-45DB-B721-BEBAF6A143B2}.Release|x86.ActiveCfg = Release|Any CPU
		{B89D18E8-07BD-45DB-B721-BEBAF6A143B2}.Release|x86.Build.0 = Release|Any CPU
		{FCF62776-D211-4E63-828C-423C31C8D48F}.Debug|Any CPU.ActiveCfg = Debug|Any CPU
		{FCF62776-D211-4E63-828C-423C31C8D48F}.Debug|Any CPU.Build.0 = Debug|Any CPU
		{FCF62776-D211-4E63-828C-423C31C8D48F}.Debug|x64.ActiveCfg = Debug|Any CPU
		{FCF62776-D211-4E63-828C-423C31C8D48F}.Debug|x64.Build.0 = Debug|Any CPU
		{FCF62776-D211-4E63-828C-423C31C8D48F}.Debug|x86.ActiveCfg = Debug|Any CPU
		{FCF62776-D211-4E63-828C-423C31C8D48F}.Debug|x86.Build.0 = Debug|Any CPU
		{FCF62776-D211-4E63-828C-423C31C8D48F}.Release|Any CPU.ActiveCfg = Release|Any CPU
		{FCF62776-D211-4E63-828C-423C31C8D48F}.Release|Any CPU.Build.0 = Release|Any CPU
		{FCF62776-D211-4E63-828C-423C31C8D48F}.Release|x64.ActiveCfg = Release|Any CPU
		{FCF62776-D211-4E63-828C-423C31C8D48F}.Release|x64.Build.0 = Release|Any CPU
		{FCF62776-D211-4E63-828C-423C31C8D48F}.Release|x86.ActiveCfg = Release|Any CPU
		{FCF62776-D211-4E63-828C-423C31C8D48F}.Release|x86.Build.0 = Release|Any CPU
		{91B03869-C1CC-4A49-9718-1DF3C6D811E7}.Debug|Any CPU.ActiveCfg = Debug|Any CPU
		{91B03869-C1CC-4A49-9718-1DF3C6D811E7}.Debug|Any CPU.Build.0 = Debug|Any CPU
		{91B03869-C1CC-4A49-9718-1DF3C6D811E7}.Debug|x64.ActiveCfg = Debug|Any CPU
		{91B03869-C1CC-4A49-9718-1DF3C6D811E7}.Debug|x64.Build.0 = Debug|Any CPU
		{91B03869-C1CC-4A49-9718-1DF3C6D811E7}.Debug|x86.ActiveCfg = Debug|Any CPU
		{91B03869-C1CC-4A49-9718-1DF3C6D811E7}.Debug|x86.Build.0 = Debug|Any CPU
		{91B03869-C1CC-4A49-9718-1DF3C6D811E7}.Release|Any CPU.ActiveCfg = Release|Any CPU
		{91B03869-C1CC-4A49-9718-1DF3C6D811E7}.Release|Any CPU.Build.0 = Release|Any CPU
		{91B03869-C1CC-4A49-9718-1DF3C6D811E7}.Release|x64.ActiveCfg = Release|Any CPU
		{91B03869-C1CC-4A49-9718-1DF3C6D811E7}.Release|x64.Build.0 = Release|Any CPU
		{91B03869-C1CC-4A49-9718-1DF3C6D811E7}.Release|x86.ActiveCfg = Release|Any CPU
		{91B03869-C1CC-4A49-9718-1DF3C6D811E7}.Release|x86.Build.0 = Release|Any CPU
		{9EDE5993-0D2C-413C-940F-131FC9F30290}.Debug|Any CPU.ActiveCfg = Debug|Any CPU
		{9EDE5993-0D2C-413C-940F-131FC9F30290}.Debug|Any CPU.Build.0 = Debug|Any CPU
		{9EDE5993-0D2C-413C-940F-131FC9F30290}.Debug|x64.ActiveCfg = Debug|Any CPU
		{9EDE5993-0D2C-413C-940F-131FC9F30290}.Debug|x64.Build.0 = Debug|Any CPU
		{9EDE5993-0D2C-413C-940F-131FC9F30290}.Debug|x86.ActiveCfg = Debug|Any CPU
		{9EDE5993-0D2C-413C-940F-131FC9F30290}.Debug|x86.Build.0 = Debug|Any CPU
		{9EDE5993-0D2C-413C-940F-131FC9F30290}.Release|Any CPU.ActiveCfg = Release|Any CPU
		{9EDE5993-0D2C-413C-940F-131FC9F30290}.Release|Any CPU.Build.0 = Release|Any CPU
		{9EDE5993-0D2C-413C-940F-131FC9F30290}.Release|x64.ActiveCfg = Release|Any CPU
		{9EDE5993-0D2C-413C-940F-131FC9F30290}.Release|x64.Build.0 = Release|Any CPU
		{9EDE5993-0D2C-413C-940F-131FC9F30290}.Release|x86.ActiveCfg = Release|Any CPU
		{9EDE5993-0D2C-413C-940F-131FC9F30290}.Release|x86.Build.0 = Release|Any CPU
	EndGlobalSection
	GlobalSection(SolutionProperties) = preSolution
		HideSolutionNode = FALSE
	EndGlobalSection
	GlobalSection(NestedProjects) = preSolution
		{B89D18E8-07BD-45DB-B721-BEBAF6A143B2} = {827E0CD3-B72D-47B6-A68D-7590B98EB39B}
		{FCF62776-D211-4E63-828C-423C31C8D48F} = {C180AF16-3662-9684-68DB-73CED4E720BB}
		{91B03869-C1CC-4A49-9718-1DF3C6D811E7} = {827E0CD3-B72D-47B6-A68D-7590B98EB39B}
		{9EDE5993-0D2C-413C-940F-131FC9F30290} = {0AB3BF05-4346-4AA6-1389-037BE0695223}
	EndGlobalSection
EndGlobal
